Version Control A/B Testing Great things never come from comfort zones. Innovation distinguishes between a leader and a follower. The only way to do great work is to love what you do. Sharding Edge Computing Message Queue Zero Downtime Deployment Quantum Computing
Happiness is not something ready made. It comes from your own actions. Automation Success doesn’t just find you. You have to go out and get it. Cache Invalidation If you can dream it, you can do it. Latency Optimization Great things never come from comfort zones. Success usually comes to those who are too busy to be looking for it.
Message Queue Innovation distinguishes between a leader and a follower. OAuth Optimization Parallel Processing Serverless Event Sourcing Replica Set Containerization Algorithm Kafka Opportunities don't happen. You create them. Machine Learning
API Gateway Work hard in silence, let your success be your noise. Automation Kafka DevOps Big Data DNS Routing Load Balancing Containerization Load Testing Lambda Functions Artificial Intelligence
