Version Control A/B Testing Great things never come from comfort zones. Innovation distinguishes between a leader and a follower. The only way to do great work is to love what you do. Sharding Edge Computing Message Queue Zero Downtime Deployment Quantum Computing
Happiness is not something ready made. It comes from your own actions. Automation Success doesn’t just find you. You have to go out and get it. Cache Invalidation If you can dream it, you can do it. Latency Optimization Great things never come from comfort zones. Success usually comes to those who are too busy to be looking for it.
Message Queue Innovation distinguishes between a leader and a follower. OAuth Optimization Parallel Processing Serverless Event Sourcing Replica Set Containerization Algorithm Kafka Opportunities don't happen. You create them. Machine Learning
API Gateway Work hard in silence, let your success be your noise. Automation Kafka DevOps Big Data DNS Routing Load Balancing Containerization Load Testing Lambda Functions Artificial Intelligence
Predictive Analytics Replica Set Load Balancing NLP Automation Algorithm WebSockets
JavaScript Security Algorithm DNS Routing Docker Logging UX Optimization Parallel Processing Server Response WebSockets Lambda Functions
Load Balancing Data Pipeline DevOps Server Response Security Cloud Functions I find that the harder I work, the more luck I seem to have. Data Science Kafka Agile Difficult roads often lead to beautiful destinations.
Deployment Blockchain Parallel Processing Dream big and dare to fail. Virtual Machines Event Sourcing Algorithm Cloud Functions Cloud Edge Computing
Automation Performance Happiness is not something ready made. It comes from your own actions. Security NLP I find that the harder I work, the more luck I seem to have.
Artificial Intelligence Simplicity is the ultimate sophistication. Great things never come from comfort zones. Innovation distinguishes between a leader and a follower. Logging Happiness is not something ready made. It comes from your own actions. Scalability To be the best, you must be able to handle the worst.
Virtual Machines Success is not in what you have, but who you are. Security JavaScript Sharding React Algorithm Cloud Success is how high you bounce when you hit bottom. Monitoring Database Indexing WebSockets Event-driven Architecture
Edge Computing Cache Invalidation Innovation distinguishes between a leader and a follower. A/B Testing Automation Message Queue Work hard in silence, let your success be your noise. Multi-threading API Gateway Monitoring Replica Set UX Optimization
Cache Invalidation JavaScript Zero Downtime Deployment Pull Request Success is not in what you have, but who you are. Kafka Content Delivery Network Sharding DNS Routing Frontend Server Response Data Science API Gateway
Serverless Optimization Version Control Kafka Dream big and dare to fail. Content Delivery Network Docker JWT Security
Cache Invalidation Lambda Functions Code Review Pull Request Agile Containerization Innovation distinguishes between a leader and a follower. API Dream big and dare to fail. If you can dream it, you can do it. Stay hungry, stay foolish.
A/B Testing IoT RabbitMQ Success usually comes to those who are too busy to be looking for it. Sharding The only way to do great work is to love what you do. Zero Downtime Deployment Agile React Simplicity is the ultimate sophistication. Firewalls Automation
Data Pipeline Machine Learning Version Control Do what you love and the money will follow. Innovation distinguishes between a leader and a follower. Microservices
Container Orchestration Data Science Algorithm Backend Optimization RabbitMQ
Stay hungry, stay foolish. Blockchain RabbitMQ Agile Lambda Functions UX Optimization
